
Microsoft Visual Studio Solution File, Format Version 12.00
# Visual Studio Version 17
VisualStudioVersion = 17.4.33205.214
MinimumVisualStudioVersion = 10.0.40219.1
Project("{888888A0-9F3D-457C-B088-3A5042F75D52}") = "LoginAutori", "LoginAutori.pyproj", "{87E2AAC3-7353-4464-9B9F-5359EE76AEAB}"
EndProject
Global
	GlobalSection(SolutionConfigurationPlatforms) = preSolution
		Debug|Any CPU = Debug|Any CPU
		Release|Any CPU = Release|Any CPU
	EndGlobalSection
	GlobalSection(ProjectConfigurationPlatforms) = postSolution
		{87E2AAC3-7353-4464-9B9F-5359EE76AEAB}.Debug|Any CPU.ActiveCfg = Debug|Any CPU
		{87E2AAC3-7353-4464-9B9F-5359EE76AEAB}.Release|Any CPU.ActiveCfg = Release|Any CPU
	EndGlobalSection
	GlobalSection(SolutionProperties) = preSolution
		HideSolutionNode = FALSE
	EndGlobalSection
	GlobalSection(ExtensibilityGlobals) = postSolution
		SolutionGuid = {32555866-4715-4000-B065-83D9C45AD03F}
	EndGlobalSection
EndGlobal
